// !$*UTF8*$!
{
	archiveVersion = 1;
	classes = {
	};
	objectVersion = 56;
	objects = {

/* Begin PBXBuildFile section */
		3F20853228EAFA8A00EDBD50 /* AppDelegate.swift in Sources */ = {isa = PBXBuildFile; fileRef = 3F20853128EAFA8A00EDBD50 /* AppDelegate.swift */; };
		3F20853428EAFA8A00EDBD50 /* ViewController.swift in Sources */ = {isa = PBXBuildFile; fileRef = 3F20853328EAFA8A00EDBD50 /* ViewController.swift */; };
		3F20853628EAFA8A00EDBD50 /* Assets.xcassets in Resources */ = {isa = PBXBuildFile; fileRef = 3F20853528EAFA8A00EDBD50 /* Assets.xcassets */; };
		3F20853928EAFA8A00EDBD50 /* Main.storyboard in Resources */ = {isa = PBXBuildFile; fileRef = 3F20853728EAFA8A00EDBD50 /* Main.storyboard */; };
		3F20854428EAFA8A00EDBD50 /* Zadanie_3Tests.swift in Sources */ = {isa = PBXBuildFile; fileRef = 3F20854328EAFA8A00EDBD50 /* Zadanie_3Tests.swift */; };
		3F20854E28EAFA8A00EDBD50 /* Zadanie_3UITests.swift in Sources */ = {isa = PBXBuildFile; fileRef = 3F20854D28EAFA8A00EDBD50 /* Zadanie_3UITests.swift */; };
		3F20855028EAFA8A00EDBD50 /* Zadanie_3UITestsLaunchTests.swift in Sources */ = {isa = PBXBuildFile; fileRef = 3F20854F28EAFA8A00EDBD50 /* Zadanie_3UITestsLaunchTests.swift */; };
/* End PBXBuildFile section */

/* Begin PBXContainerItemProxy section */
		3F20854028EAFA8A00EDBD50 /* PBXContainerItemProxy */ = {
			isa = PBXContainerItemProxy;
			containerPortal = 3F20852628EAFA8A00EDBD50 /* Project object */;
			proxyType = 1;
			remoteGlobalIDString = 3F20852D28EAFA8A00EDBD50;
			remoteInfo = "Zadanie 3";
		};
		3F20854A28EAFA8A00EDBD50 /* PBXContainerItemProxy */ = {
			isa = PBXContainerItemProxy;
			containerPortal = 3F20852628EAFA8A00EDBD50 /* Project object */;
			proxyType = 1;
			remoteGlobalIDString = 3F20852D28EAFA8A00EDBD50;
			remoteInfo = "Zadanie 3";
		};
/* End PBXContainerItemProxy section */

/* Begin PBXFileReference section */
		3F20852E28EAFA8A00EDBD50 /* Zadanie 3.app */ = {isa = PBXFileReference; explicitFileType = wrapper.application; includeInIndex = 0; path = "Zadanie 3.app"; sourceTree = BUILT_PRODUCTS_DIR; };
		3F20853128EAFA8A00EDBD50 /* AppDelegate.swift */ = {isa = PBXFileReference; lastKnownFileType = sourcecode.swift; path = AppDelegate.swift; sourceTree = "<group>"; };
		3F20853328EAFA8A00EDBD50 /* ViewController.swift */ = {isa = PBXFileReference; lastKnownFileType = sourcecode.swift; path = ViewController.swift; sourceTree = "<group>"; };
		3F20853528EAFA8A00EDBD50 /* Assets.xcassets */ = {isa = PBXFileReference; lastKnownFileType = folder.assetcatalog; path = Assets.xcassets; sourceTree = "<group>"; };
		3F20853828EAFA8A00EDBD50 /* Base */ = {isa = PBXFileReference; lastKnownFileType = file.storyboard; name = Base; path = Base.lproj/Main.storyboard; sourceTree = "<group>"; };
		3F20853A28EAFA8A00EDBD50 /* Zadanie_3.entitlements */ = {isa = PBXFileReference; lastKnownFileType = text.plist.entitlements; path = Zadanie_3.entitlements; sourceTree = "<group>"; };
		3F20853F28EAFA8A00EDBD50 /* Zadanie 3Tests.xctest */ = {isa = PBXFileReference; explicitFileType = wrapper.cfbundle; includeInIndex = 0; path = "Zadanie 3Tests.xctest"; sourceTree = BUILT_PRODUCTS_DIR; };
		3F20854328EAFA8A00EDBD50 /* Zadanie_3Tests.swift */ = {isa = PBXFileReference; lastKnownFileType = sourcecode.swift; path = Zadanie_3Tests.swift; sourceTree = "<group>"; };
		3F20854928EAFA8A00EDBD50 /* Zadanie 3UITests.xctest */ = {isa = PBXFileReference; explicitFileType = wrapper.cfbundle; includeInIndex = 0; path = "Zadanie 3UITests.xctest"; sourceTree = BUILT_PRODUCTS_DIR; };
		3F20854D28EAFA8A00EDBD50 /* Zadanie_3UITests.swift */ = {isa = PBXFileReference; lastKnownFileType = sourcecode.swift; path = Zadanie_3UITests.swift; sourceTree = "<group>"; };
		3F20854F28EAFA8A00EDBD50 /* Zadanie_3UITestsLaunchTests.swift */ = {isa = PBXFileReference; lastKnownFileType = sourcecode.swift; path = Zadanie_3UITestsLaunchTests.swift; sourceTree = "<group>"; };
/* End PBXFileReference section */

/* Begin PBXFrameworksBuildPhase section */
		3F20852B28EAFA8A00EDBD50 /* Frameworks */ = {
			isa = PBXFrameworksBuildPhase;
			buildActionMask = 2147483647;
			files = (
			);
			runOnlyForDeploymentPostprocessing = 0;
		};
		3F20853C28EAFA8A00EDBD50 /* Frameworks */ = {
			isa = PBXFrameworksBuildPhase;
			buildActionMask = 2147483647;
			files = (
			);
			runOnlyForDeploymentPostprocessing = 0;
		};
		3F20854628EAFA8A00EDBD50 /* Frameworks */ = {
			isa = PBXFrameworksBuildPhase;
			buildActionMask = 2147483647;
			files = (
			);
			runOnlyForDeploymentPostprocessing = 0;
		};
/* End PBXFrameworksBuildPhase section */

/* Begin PBXGroup section */
		3F20852528EAFA8A00EDBD50 = {
			isa = PBXGroup;
			children = (
				3F20853028EAFA8A00EDBD50 /* Zadanie 3 */,
				3F20854228EAFA8A00EDBD50 /* Zadanie 3Tests */,
				3F20854C28EAFA8A00EDBD50 /* Zadanie 3UITests */,
				3F20852F28EAFA8A00EDBD50 /* Products */,
			);
			sourceTree = "<group>";
		};
		3F20852F28EAFA8A00EDBD50 /* Products */ = {
			isa = PBXGroup;
			children = (
				3F20852E28EAFA8A00EDBD50 /* Zadanie 3.app */,
				3F20853F28EAFA8A00EDBD50 /* Zadanie 3Tests.xctest */,
				3F20854928EAFA8A00EDBD50 /* Zadanie 3UITests.xctest */,
			);
			name = Products;
			sourceTree = "<group>";
		};
		3F20853028EAFA8A00EDBD50 /* Zadanie 3 */ = {
			isa = PBXGroup;
			children = (
				3F20853128EAFA8A00EDBD50 /* AppDelegate.swift */,
				3F20853328EAFA8A00EDBD50 /* ViewController.swift */,
				3F20853528EAFA8A00EDBD50 /* Assets.xcassets */,
				3F20853728EAFA8A00EDBD50 /* Main.storyboard */,
				3F20853A28EAFA8A00EDBD50 /* Zadanie_3.entitlements */,
			);
			path = "Zadanie 3";
			sourceTree = "<group>";
		};
		3F20854228EAFA8A00EDBD50 /* Zadanie 3Tests */ = {
			isa = PBXGroup;
			children = (
				3F20854328EAFA8A00EDBD50 /* Zadanie_3Tests.swift */,
			);
			path = "Zadanie 3Tests";
			sourceTree = "<group>";
		};
		3F20854C28EAFA8A00EDBD50 /* Zadanie 3UITests */ = {
			isa = PBXGroup;
			children = (
				3F20854D28EAFA8A00EDBD50 /* Zadanie_3UITests.swift */,
				3F20854F28EAFA8A00EDBD50 /* Zadanie_3UITestsLaunchTests.swift */,
			);
			path = "Zadanie 3UITests";
			sourceTree = "<group>";
		};
/* End PBXGroup section */

/* Begin PBXNativeTarget section */
		3F20852D28EAFA8A00EDBD50 /* Zadanie 3 */ = {
			isa = PBXNativeTarget;
			buildConfigurationList = 3F20855328EAFA8A00EDBD50 /* Build configuration list for PBXNativeTarget "Zadanie 3" */;
			buildPhases = (
				3F20852A28EAFA8A00EDBD50 /* Sources */,
				3F20852B28EAFA8A00EDBD50 /* Frameworks */,
				3F20852C28EAFA8A00EDBD50 /* Resources */,
			);
			buildRules = (
			);
			dependencies = (
			);
			name = "Zadanie 3";
			productName = "Zadanie 3";
			productReference = 3F20852E28EAFA8A00EDBD50 /* Zadanie 3.app */;
			productType = "com.apple.product-type.application";
		};
		3F20853E28EAFA8A00EDBD50 /* Zadanie 3Tests */ = {
			isa = PBXNativeTarget;
			buildConfigurationList = 3F20855628EAFA8A00EDBD50 /* Build configuration list for PBXNativeTarget "Zadanie 3Tests" */;
			buildPhases = (
				3F20853B28EAFA8A00EDBD50 /* Sources */,
				3F20853C28EAFA8A00EDBD50 /* Frameworks */,
				3F20853D28EAFA8A00EDBD50 /* Resources */,
			);
			buildRules = (
			);
			dependencies = (
				3F20854128EAFA8A00EDBD50 /* PBXTargetDependency */,
			);
			name = "Zadanie 3Tests";
			productName = "Zadanie 3Tests";
			productReference = 3F20853F28EAFA8A00EDBD50 /* Zadanie 3Tests.xctest */;
			productType = "com.apple.product-type.bundle.unit-test";
		};
		3F20854828EAFA8A00EDBD50 /* Zadanie 3UITests */ = {
			isa = PBXNativeTarget;
			buildConfigurationList = 3F20855928EAFA8A00EDBD50 /* Build configuration list for PBXNativeTarget "Zadanie 3UITests" */;
			buildPhases = (
				3F20854528EAFA8A00EDBD50 /* Sources */,
				3F20854628EAFA8A00EDBD50 /* Frameworks */,
				3F20854728EAFA8A00EDBD50 /* Resources */,
			);
			buildRules = (
			);
			dependencies = (
				3F20854B28EAFA8A00EDBD50 /* PBXTargetDependency */,
			);
			name = "Zadanie 3UITests";
			productName = "Zadanie 3UITests";
			productReference = 3F20854928EAFA8A00EDBD50 /* Zadanie 3UITests.xctest */;
			productType = "com.apple.product-type.bundle.ui-testing";
		};
/* End PBXNativeTarget section */

/* Begin PBXProject section */
		3F20852628EAFA8A00EDBD50 /* Project object */ = {
			isa = PBXProject;
			attributes = {
				BuildIndependentTargetsInParallel = 1;
				LastSwiftUpdateCheck = 1400;
				LastUpgradeCheck = 1400;
				TargetAttributes = {
					3F20852D28EAFA8A00EDBD50 = {
						CreatedOnToolsVersion = 14.0.1;
					};
					3F20853E28EAFA8A00EDBD50 = {
						CreatedOnToolsVersion = 14.0.1;
						TestTargetID = 3F20852D28EAFA8A00EDBD50;
					};
					3F20854828EAFA8A00EDBD50 = {
						CreatedOnToolsVersion = 14.0.1;
						TestTargetID = 3F20852D28EAFA8A00EDBD50;
					};
				};
			};
			buildConfigurationList = 3F20852928EAFA8A00EDBD50 /* Build configuration list for PBXProject "Zadanie 3" */;
			compatibilityVersion = "Xcode 14.0";
			developmentRegion = en;
			hasScannedForEncodings = 0;
			knownRegions = (
				en,
				Base,
			);
			mainGroup = 3F20852528EAFA8A00EDBD50;
			productRefGroup = 3F20852F28EAFA8A00EDBD50 /* Products */;
			projectDirPath = "";
			projectRoot = "";
			targets = (
				3F20852D28EAFA8A00EDBD50 /* Zadanie 3 */,
				3F20853E28EAFA8A00EDBD50 /* Zadanie 3Tests */,
				3F20854828EAFA8A00EDBD50 /* Zadanie 3UITests */,
			);
		};
/* End PBXProject section */

/* Begin PBXResourcesBuildPhase section */
		3F20852C28EAFA8A00EDBD50 /* Resources */ = {
			isa = PBXResourcesBuildPhase;
			buildActionMask = 2147483647;
			files = (
				3F20853628EAFA8A00EDBD50 /* Assets.xcassets in Resources */,
				3F20853928EAFA8A00EDBD50 /* Main.storyboard in Resources */,
			);
			runOnlyForDeploymentPostprocessing = 0;
		};
		3F20853D28EAFA8A00EDBD50 /* Resources */ = {
			isa = PBXResourcesBuildPhase;
			buildActionMask = 2147483647;
			files = (
			);
			runOnlyForDeploymentPostprocessing = 0;
		};
		3F20854728EAFA8A00EDBD50 /* Resources */ = {
			isa = PBXResourcesBuildPhase;
			buildActionMask = 2147483647;
			files = (
			);
			runOnlyForDeploymentPostprocessing = 0;
		};
/* End PBXResourcesBuildPhase section */

/* Begin PBXSourcesBuildPhase section */
		3F20852A28EAFA8A00EDBD50 /* Sources */ = {
			isa = PBXSourcesBuildPhase;
			buildActionMask = 2147483647;
			files = (
				3F20853428EAFA8A00EDBD50 /* ViewController.swift in Sources */,
				3F20853228EAFA8A00EDBD50 /* AppDelegate.swift in Sources */,
			);
			runOnlyForDeploymentPostprocessing = 0;
		};
		3F20853B28EAFA8A00EDBD50 /* Sources */ = {
			isa = PBXSourcesBuildPhase;
			buildActionMask = 2147483647;
			files = (
				3F20854428EAFA8A00EDBD50 /* Zadanie_3Tests.swift in Sources */,
			);
			runOnlyForDeploymentPostprocessing = 0;
		};
		3F20854528EAFA8A00EDBD50 /* Sources */ = {
			isa = PBXSourcesBuildPhase;
			buildActionMask = 2147483647;
			files = (
				3F20854E28EAFA8A00EDBD50 /* Zadanie_3UITests.swift in Sources */,
				3F20855028EAFA8A00EDBD50 /* Zadanie_3UITestsLaunchTests.swift in Sources */,
			);
			runOnlyForDeploymentPostprocessing = 0;
		};
/* End PBXSourcesBuildPhase section */

/* Begin PBXTargetDependency section */
		3F20854128EAFA8A00EDBD50 /* PBXTargetDependency */ = {
			isa = PBXTargetDependency;
			target = 3F20852D28EAFA8A00EDBD50 /* Zadanie 3 */;
			targetProxy = 3F20854028EAFA8A00EDBD50 /* PBXContainerItemProxy */;
		};
		3F20854B28EAFA8A00EDBD50 /* PBXTargetDependency */ = {
			isa = PBXTargetDependency;
			target = 3F20852D28EAFA8A00EDBD50 /* Zadanie 3 */;
			targetProxy = 3F20854A28EAFA8A00EDBD50 /* PBXContainerItemProxy */;
		};
/* End PBXTargetDependency section */

/* Begin PBXVariantGroup section */
		3F20853728EAFA8A00EDBD50 /* Main.storyboard */ = {
			isa = PBXVariantGroup;
			children = (
				3F20853828EAFA8A00EDBD50 /* Base */,
			);
			name = Main.storyboard;
			sourceTree = "<group>";
		};
/* End PBXVariantGroup section */

/* Begin XCBuildConfiguration section */
		3F20855128EAFA8A00EDBD50 /* Debug */ = {
			isa = XCBuildConfiguration;
			buildSettings = {
				ALWAYS_SEARCH_USER_PATHS = NO;
				CLANG_ANALYZER_NONNULL = YES;
				CLANG_ANALYZER_NUMBER_OBJECT_CONVERSION = YES_AGGRESSIVE;
				CLANG_CXX_LANGUAGE_STANDARD = "gnu++20";
				CLANG_ENABLE_MODULES = YES;
				CLANG_ENABLE_OBJC_ARC = YES;
				CLANG_ENABLE_OBJC_WEAK = YES;
				CLANG_WARN_BLOCK_CAPTURE_AUTORELEASING = YES;
				CLANG_WARN_BOOL_CONVERSION = YES;
				CLANG_WARN_COMMA = YES;
				CLANG_WARN_CONSTANT_CONVERSION = YES;
				CLANG_WARN_DEPRECATED_OBJC_IMPLEMENTATIONS = YES;
				CLANG_WARN_DIRECT_OBJC_ISA_USAGE = YES_ERROR;
				CLANG_WARN_DOCUMENTATION_COMMENTS = YES;
				CLANG_WARN_EMPTY_BODY = YES;
				CLANG_WARN_ENUM_CONVERSION = YES;
				CLANG_WARN_INFINITE_RECURSION = YES;
				CLANG_WARN_INT_CONVERSION = YES;
				CLANG_WARN_NON_LITERAL_NULL_CONVERSION = YES;
				CLANG_WARN_OBJC_IMPLICIT_RETAIN_SELF = YES;
				CLANG_WARN_OBJC_LITERAL_CONVERSION = YES;
				CLANG_WARN_OBJC_ROOT_CLASS = YES_ERROR;
				CLANG_WARN_QUOTED_INCLUDE_IN_FRAMEWORK_HEADER = YES;
				CLANG_WARN_RANGE_LOOP_ANALYSIS = YES;
				CLANG_WARN_STRICT_PROTOTYPES = YES;
				CLANG_WARN_SUSPICIOUS_MOVE = YES;
				CLANG_WARN_UNGUARDED_AVAILABILITY = YES_AGGRESSIVE;
				CLANG_WARN_UNREACHABLE_CODE = YES;
				CLANG_WARN__DUPLICATE_METHOD_MATCH = YES;
				COPY_PHASE_STRIP = NO;
				DEBUG_INFORMATION_FORMAT = dwarf;
				ENABLE_STRICT_OBJC_MSGSEND = YES;
				ENABLE_TESTABILITY = YES;
				GCC_C_LANGUAGE_STANDARD = gnu11;
				GCC_DYNAMIC_NO_PIC = NO;
				GCC_NO_COMMON_BLOCKS = YES;
				GCC_OPTIMIZATION_LEVEL = 0;
				GCC_PREPROCESSOR_DEFINITIONS = (
					"DEBUG=1",
					"$(inherited)",
				);
				GCC_WARN_64_TO_32_BIT_CONVERSION = YES;
				GCC_WARN_ABOUT_RETURN_TYPE = YES_ERROR;
				GCC_WARN_UNDECLARED_SELECTOR = YES;
				GCC_WARN_UNINITIALIZED_AUTOS = YES_AGGRESSIVE;
				GCC_WARN_UNUSED_FUNCTION = YES;
				GCC_WARN_UNUSED_VARIABLE = YES;
				MACOSX_DEPLOYMENT_TARGET = 12.3;
				MTL_ENABLE_DEBUG_INFO = INCLUDE_SOURCE;
				MTL_FAST_MATH = YES;
				ONLY_ACTIVE_ARCH = YES;
				SDKROOT = macosx;
				SWIFT_ACTIVE_COMPILATION_CONDITIONS = DEBUG;
				SWIFT_OPTIMIZATION_LEVEL = "-Onone";
			};
			name = Debug;
		};
		3F20855228EAFA8A00EDBD50 /* Release */ = {
			isa = XCBuildConfiguration;
			buildSettings = {
				ALWAYS_SEARCH_USER_PATHS = NO;
				CLANG_ANALYZER_NONNULL = YES;
				CLANG_ANALYZER_NUMBER_OBJECT_CONVERSION = YES_AGGRESSIVE;
				CLANG_CXX_LANGUAGE_STANDARD = "gnu++20";
				CLANG_ENABLE_MODULES = YES;
				CLANG_ENABLE_OBJC_ARC = YES;
				CLANG_ENABLE_OBJC_WEAK = YES;
				CLANG_WARN_BLOCK_CAPTURE_AUTORELEASING = YES;
				CLANG_WARN_BOOL_CONVERSION = YES;
				CLANG_WARN_COMMA = YES;
				CLANG_WARN_CONSTANT_CONVERSION = YES;
				CLANG_WARN_DEPRECATED_OBJC_IMPLEMENTATIONS = YES;
				CLANG_WARN_DIRECT_OBJC_ISA_USAGE = YES_ERROR;
				CLANG_WARN_DOCUMENTATION_COMMENTS = YES;
				CLANG_WARN_EMPTY_BODY = YES;
				CLANG_WARN_ENUM_CONVERSION = YES;
				CLANG_WARN_INFINITE_RECURSION = YES;
				CLANG_WARN_INT_CONVERSION = YES;
				CLANG_WARN_NON_LITERAL_NULL_CONVERSION = YES;
				CLANG_WARN_OBJC_IMPLICIT_RETAIN_SELF = YES;
				CLANG_WARN_OBJC_LITERAL_CONVERSION = YES;
				CLANG_WARN_OBJC_ROOT_CLASS = YES_ERROR;
				CLANG_WARN_QUOTED_INCLUDE_IN_FRAMEWORK_HEADER = YES;
				CLANG_WARN_RANGE_LOOP_ANALYSIS = YES;
				CLANG_WARN_STRICT_PROTOTYPES = YES;
				CLANG_WARN_SUSPICIOUS_MOVE = YES;
				CLANG_WARN_UNGUARDED_AVAILABILITY = YES_AGGRESSIVE;
				CLANG_WARN_UNREACHABLE_CODE = YES;
				CLANG_WARN__DUPLICATE_METHOD_MATCH = YES;
				COPY_PHASE_STRIP = NO;
				DEBUG_INFORMATION_FORMAT = "dwarf-with-dsym";
				ENABLE_NS_ASSERTIONS = NO;
				ENABLE_STRICT_OBJC_MSGSEND = YES;
				GCC_C_LANGUAGE_STANDARD = gnu11;
				GCC_NO_COMMON_BLOCKS = YES;
				GCC_WARN_64_TO_32_BIT_CONVERSION = YES;
				GCC_WARN_ABOUT_RETURN_TYPE = YES_ERROR;
				GCC_WARN_UNDECLARED_SELECTOR = YES;
				GCC_WARN_UNINITIALIZED_AUTOS = YES_AGGRESSIVE;
				GCC_WARN_UNUSED_FUNCTION = YES;
				GCC_WARN_UNUSED_VARIABLE = YES;
				MACOSX_DEPLOYMENT_TARGET = 12.3;
				MTL_ENABLE_DEBUG_INFO = NO;
				MTL_FAST_MATH = YES;
				SDKROOT = macosx;
				SWIFT_COMPILATION_MODE = wholemodule;
				SWIFT_OPTIMIZATION_LEVEL = "-O";
			};
			name = Release;
		};
		3F20855428EAFA8A00EDBD50 /* Debug */ = {
			isa = XCBuildConfiguration;
			buildSettings = {
				ASSETCATALOG_COMPILER_APPICON_NAME = AppIcon;
				ASSETCATALOG_COMPILER_GLOBAL_ACCENT_COLOR_NAME = AccentColor;
				CODE_SIGN_ENTITLEMENTS = "Zadanie 3/Zadanie_3.entitlements";
				CODE_SIGN_STYLE = Automatic;
				COMBINE_HIDPI_IMAGES = YES;
				CURRENT_PROJECT_VERSION = 1;
				GENERATE_INFOPLIST_FILE = YES;
				INFOPLIST_KEY_NSHumanReadableCopyright = "";
				INFOPLIST_KEY_NSMainStoryboardFile = Main;
				INFOPLIST_KEY_NSPrincipalClass = NSApplication;
				LD_RUNPATH_SEARCH_PATHS = (
					"$(inherited)",
					"@executable_path/../Frameworks",
				);
				MARKETING_VERSION = 1.0;
				PRODUCT_BUNDLE_IDENTIFIER = "test.Zadanie-3";
				PRODUCT_NAME = "$(TARGET_NAME)";
				SWIFT_EMIT_LOC_STRINGS = YES;
				SWIFT_VERSION = 5.0;
			};
			name = Debug;
		};
		3F20855528EAFA8A00EDBD50 /* Release */ = {
			isa = XCBuildConfiguration;
			buildSettings = {
				ASSETCATALOG_COMPILER_APPICON_NAME = AppIcon;
				ASSETCATALOG_COMPILER_GLOBAL_ACCENT_COLOR_NAME = AccentColor;
				CODE_SIGN_ENTITLEMENTS = "Zadanie 3/Zadanie_3.entitlements";
				CODE_SIGN_STYLE = Automatic;
				COMBINE_HIDPI_IMAGES = YES;
				CURRENT_PROJECT_VERSION = 1;
				GENERATE_INFOPLIST_FILE = YES;
				INFOPLIST_KEY_NSHumanReadableCopyright = "";
				INFOPLIST_KEY_NSMainStoryboardFile = Main;
				INFOPLIST_KEY_NSPrincipalClass = NSApplication;
				LD_RUNPATH_SEARCH_PATHS = (
					"$(inherited)",
					"@executable_path/../Frameworks",
				);
				MARKETING_VERSION = 1.0;
				PRODUCT_BUNDLE_IDENTIFIER = "test.Zadanie-3";
				PRODUCT_NAME = "$(TARGET_NAME)";
				SWIFT_EMIT_LOC_STRINGS = YES;
				SWIFT_VERSION = 5.0;
			};
			name = Release;
		};
		3F20855728EAFA8A00EDBD50 /* Debug */ = {
			isa = XCBuildConfiguration;
			buildSettings = {
				ALWAYS_EMBED_SWIFT_STANDARD_LIBRARIES = YES;
				BUNDLE_LOADER = "$(TEST_HOST)";
				CODE_SIGN_STYLE = Automatic;
				CURRENT_PROJECT_VERSION = 1;
				GENERATE_INFOPLIST_FILE = YES;
				MACOSX_DEPLOYMENT_TARGET = 12.3;
				MARKETING_VERSION = 1.0;
				PRODUCT_BUNDLE_IDENTIFIER = "test.Zadanie-3Tests";
				PRODUCT_NAME = "$(TARGET_NAME)";
				SWIFT_EMIT_LOC_STRINGS = NO;
				SWIFT_VERSION = 5.0;
				TEST_HOST = "$(BUILT_PRODUCTS_DIR)/Zadanie 3.app/$(BUNDLE_EXECUTABLE_FOLDER_PATH)/Zadanie 3";
			};
			name = Debug;
		};
		3F20855828EAFA8A00EDBD50 /* Release */ = {
			isa = XCBuildConfiguration;
			buildSettings = {
				ALWAYS_EMBED_SWIFT_STANDARD_LIBRARIES = YES;
				BUNDLE_LOADER = "$(TEST_HOST)";
				CODE_SIGN_STYLE = Automatic;
				CURRENT_PROJECT_VERSION = 1;
				GENERATE_INFOPLIST_FILE = YES;
				MACOSX_DEPLOYMENT_TARGET = 12.3;
				MARKETING_VERSION = 1.0;
				PRODUCT_BUNDLE_IDENTIFIER = "test.Zadanie-3Tests";
				PRODUCT_NAME = "$(TARGET_NAME)";
				SWIFT_EMIT_LOC_STRINGS = NO;
				SWIFT_VERSION = 5.0;
				TEST_HOST = "$(BUILT_PRODUCTS_DIR)/Zadanie 3.app/$(BUNDLE_EXECUTABLE_FOLDER_PATH)/Zadanie 3";
			};
			name = Release;
		};
		3F20855A28EAFA8A00EDBD50 /* Debug */ = {
			isa = XCBuildConfiguration;
			buildSettings = {
				ALWAYS_EMBED_SWIFT_STANDARD_LIBRARIES = YES;
				CODE_SIGN_STYLE = Automatic;
				CURRENT_PROJECT_VERSION = 1;
				GENERATE_INFOPLIST_FILE = YES;
				MARKETING_VERSION = 1.0;
				PRODUCT_BUNDLE_IDENTIFIER = "test.Zadanie-3UITests";
				PRODUCT_NAME = "$(TARGET_NAME)";
				SWIFT_EMIT_LOC_STRINGS = NO;
				SWIFT_VERSION = 5.0;
				TEST_TARGET_NAME = "Zadanie 3";
			};
			name = Debug;
		};
		3F20855B28EAFA8A00EDBD50 /* Release */ = {
			isa = XCBuildConfiguration;
			buildSettings = {
				ALWAYS_EMBED_SWIFT_STANDARD_LIBRARIES = YES;
				CODE_SIGN_STYLE = Automatic;
				CURRENT_PROJECT_VERSION = 1;
				GENERATE_INFOPLIST_FILE = YES;
				MARKETING_VERSION = 1.0;
				PRODUCT_BUNDLE_IDENTIFIER = "test.Zadanie-3UITests";
				PRODUCT_NAME = "$(TARGET_NAME)";
				SWIFT_EMIT_LOC_STRINGS = NO;
				SWIFT_VERSION = 5.0;
				TEST_TARGET_NAME = "Zadanie 3";
			};
			name = Release;
		};
/* End XCBuildConfiguration section */

/* Begin XCConfigurationList section */
		3F20852928EAFA8A00EDBD50 /* Build configuration list for PBXProject "Zadanie 3" */ = {
			isa = XCConfigurationList;
			buildConfigurations = (
				3F20855128EAFA8A00EDBD50 /* Debug */,
				3F20855228EAFA8A00EDBD50 /* Release */,
			);
			defaultConfigurationIsVisible = 0;
			defaultConfigurationName = Release;
		};
		3F20855328EAFA8A00EDBD50 /* Build configuration list for PBXNativeTarget "Zadanie 3" */ = {
			isa = XCConfigurationList;
			buildConfigurations = (
				3F20855428EAFA8A00EDBD50 /* Debug */,
				3F20855528EAFA8A00EDBD50 /* Release */,
			);
			defaultConfigurationIsVisible = 0;
			defaultConfigurationName = Release;
		};
		3F20855628EAFA8A00EDBD50 /* Build configuration list for PBXNativeTarget "Zadanie 3Tests" */ = {
			isa = XCConfigurationList;
			buildConfigurations = (
				3F20855728EAFA8A00EDBD50 /* Debug */,
				3F20855828EAFA8A00EDBD50 /* Release */,
			);
			defaultConfigurationIsVisible = 0;
			defaultConfigurationName = Release;
		};
		3F20855928EAFA8A00EDBD50 /* Build configuration list for PBXNativeTarget "Zadanie 3UITests" */ = {
			isa = XCConfigurationList;
			buildConfigurations = (
				3F20855A28EAFA8A00EDBD50 /* Debug */,
				3F20855B28EAFA8A00EDBD50 /* Release */,
			);
			defaultConfigurationIsVisible = 0;
			defaultConfigurationName = Release;
		};
/* End XCConfigurationList section */
	};
	rootObject = 3F20852628EAFA8A00EDBD50 /* Project object */;
}
